
Microsoft Visual Studio Solution File, Format Version 12.00
# Visual Studio Version 17
VisualStudioVersion = 17.8.34330.188
MinimumVisualStudioVersion = 10.0.40219.1
Project("{9A19103F-16F7-4668-BE54-9A1E7A4F7556}") = "ErpBridge.Models", "ErpBridge.Models\ErpBridge.Models.csproj", "{6B87ABFD-F798-4FB9-B14C-E298D27C1146}"
EndProject
Project("{9A19103F-16F7-4668-BE54-9A1E7A4F7556}") = "ErpBridge.Adapters", "ErpBridge.Adapters\ErpBridge.Adapters.csproj", "{180677C7-B850-4A4D-83C5-1B6848B67B17}"
EndProject
Project("{9A19103F-16F7-4668-BE54-9A1E7A4F7556}") = "ErpBridge.Adapters.Dummy", "ErpBridge.Adapters.Dummy\ErpBridge.Adapters.Dummy.csproj", "{36C42CA5-CCFC-4917-B472-4800299C81A5}"
EndProject
Project("{9A19103F-16F7-4668-BE54-9A1E7A4F7556}") = "ErpBridge.Adapters.Mosaik", "ErpBridge.Adapters.Mosaik\ErpBridge.Adapters.Mosaik.csproj", "{BACBB78C-286C-4B71-99BB-C8B1296381F2}"
EndProject
Project("{2150E333-8FDC-42A3-9474-1A3956D46DE8}") = "Servers", "Servers", "{4DA62B4C-1AE4-4B21-99E0-04FDA2D73FBC}"
EndProject
Project("{2150E333-8FDC-42A3-9474-1A3956D46DE8}") = "Clients", "Clients", "{7DCA92DD-2372-425B-BC1D-B60FCF2C44C8}"
EndProject
Project("{9A19103F-16F7-4668-BE54-9A1E7A4F7556}") = "ErpBridge.Server.WebApi", "Servers\ErpBridge.Server.WebApi\ErpBridge.Server.WebApi.csproj", "{D8F24A6A-945E-4D6F-9E68-6E5337041662}"
EndProject
Project("{9A19103F-16F7-4668-BE54-9A1E7A4F7556}") = "ErpBridge.Client.Stock.AngularBff", "Clients\ErpBridge.Client.Stock.AngularBff\ErpBridge.Client.Stock.AngularBff.csproj", "{F5471437-B161-4C55-9D10-CDEF670E0ACB}"
EndProject
Global
	GlobalSection(SolutionConfigurationPlatforms) = preSolution
		Debug|Any CPU = Debug|Any CPU
		Release|Any CPU = Release|Any CPU
	EndGlobalSection
	GlobalSection(ProjectConfigurationPlatforms) = postSolution
		{6B87ABFD-F798-4FB9-B14C-E298D27C1146}.Debug|Any CPU.ActiveCfg = Debug|Any CPU
		{6B87ABFD-F798-4FB9-B14C-E298D27C1146}.Debug|Any CPU.Build.0 = Debug|Any CPU
		{6B87ABFD-F798-4FB9-B14C-E298D27C1146}.Release|Any CPU.ActiveCfg = Release|Any CPU
		{6B87ABFD-F798-4FB9-B14C-E298D27C1146}.Release|Any CPU.Build.0 = Release|Any CPU
		{180677C7-B850-4A4D-83C5-1B6848B67B17}.Debug|Any CPU.ActiveCfg = Debug|Any CPU
		{180677C7-B850-4A4D-83C5-1B6848B67B17}.Debug|Any CPU.Build.0 = Debug|Any CPU
		{180677C7-B850-4A4D-83C5-1B6848B67B17}.Release|Any CPU.ActiveCfg = Release|Any CPU
		{180677C7-B850-4A4D-83C5-1B6848B67B17}.Release|Any CPU.Build.0 = Release|Any CPU
		{36C42CA5-CCFC-4917-B472-4800299C81A5}.Debug|Any CPU.ActiveCfg = Debug|Any CPU
		{36C42CA5-CCFC-4917-B472-4800299C81A5}.Debug|Any CPU.Build.0 = Debug|Any CPU
		{36C42CA5-CCFC-4917-B472-4800299C81A5}.Release|Any CPU.ActiveCfg = Release|Any CPU
		{36C42CA5-CCFC-4917-B472-4800299C81A5}.Release|Any CPU.Build.0 = Release|Any CPU
		{BACBB78C-286C-4B71-99BB-C8B1296381F2}.Debug|Any CPU.ActiveCfg = Debug|Any CPU
		{BACBB78C-286C-4B71-99BB-C8B1296381F2}.Debug|Any CPU.Build.0 = Debug|Any CPU
		{BACBB78C-286C-4B71-99BB-C8B1296381F2}.Release|Any CPU.ActiveCfg = Release|Any CPU
		{BACBB78C-286C-4B71-99BB-C8B1296381F2}.Release|Any CPU.Build.0 = Release|Any CPU
		{D8F24A6A-945E-4D6F-9E68-6E5337041662}.Debug|Any CPU.ActiveCfg = Debug|Any CPU
		{D8F24A6A-945E-4D6F-9E68-6E5337041662}.Debug|Any CPU.Build.0 = Debug|Any CPU
		{D8F24A6A-945E-4D6F-9E68-6E5337041662}.Release|Any CPU.ActiveCfg = Release|Any CPU
		{D8F24A6A-945E-4D6F-9E68-6E5337041662}.Release|Any CPU.Build.0 = Release|Any CPU
		{F5471437-B161-4C55-9D10-CDEF670E0ACB}.Debug|Any CPU.ActiveCfg = Debug|Any CPU
		{F5471437-B161-4C55-9D10-CDEF670E0ACB}.Debug|Any CPU.Build.0 = Debug|Any CPU
		{F5471437-B161-4C55-9D10-CDEF670E0ACB}.Release|Any CPU.ActiveCfg = Release|Any CPU
		{F5471437-B161-4C55-9D10-CDEF670E0ACB}.Release|Any CPU.Build.0 = Release|Any CPU
	EndGlobalSection
	GlobalSection(SolutionProperties) = preSolution
		HideSolutionNode = FALSE
	EndGlobalSection
	GlobalSection(NestedProjects) = preSolution
		{D8F24A6A-945E-4D6F-9E68-6E5337041662} = {4DA62B4C-1AE4-4B21-99E0-04FDA2D73FBC}
		{F5471437-B161-4C55-9D10-CDEF670E0ACB} = {7DCA92DD-2372-425B-BC1D-B60FCF2C44C8}
	EndGlobalSection
	GlobalSection(ExtensibilityGlobals) = postSolution
		SolutionGuid = {A1922FAC-4F47-4DA9-B757-F8DA45A6FEF8}
	EndGlobalSection
EndGlobal
